
Microsoft Visual Studio Solution File, Format Version 12.00
# Visual Studio Version 17
VisualStudioVersion = 17.13.35919.96 d17.13
MinimumVisualStudioVersion = 10.0.40219.1
Project("{FAE04EC0-301F-11D3-BF4B-00C04F79EFBC}") = "WebApplication1", "WebApplication1\WebApplication1.csproj", "{C0035FD1-93A4-4B71-B664-EA27F97FEECA}"
EndProject
Global
	GlobalSection(SolutionConfigurationPlatforms) = preSolution
		Debug|Any CPU = Debug|Any CPU
		Release|Any CPU = Release|Any CPU
	EndGlobalSection
	GlobalSection(ProjectConfigurationPlatforms) = postSolution
		{C0035FD1-93A4-4B71-B664-EA27F97FEECA}.Debug|Any CPU.ActiveCfg = Debug|Any CPU
		{C0035FD1-93A4-4B71-B664-EA27F97FEECA}.Debug|Any CPU.Build.0 = Debug|Any CPU
		{C0035FD1-93A4-4B71-B664-EA27F97FEECA}.Release|Any CPU.ActiveCfg = Release|Any CPU
		{C0035FD1-93A4-4B71-B664-EA27F97FEECA}.Release|Any CPU.Build.0 = Release|Any CPU
	EndGlobalSection
	GlobalSection(SolutionProperties) = preSolution
		HideSolutionNode = FALSE
	EndGlobalSection
	GlobalSection(ExtensibilityGlobals) = postSolution
		SolutionGuid = {4AF945B5-289D-4A4D-AFB5-9D622A05298E}
	EndGlobalSection
EndGlobal
